
Microsoft Visual Studio Solution File, Format Version 12.00
# Visual Studio Version 17
VisualStudioVersion = 17.8.34330.188
MinimumVisualStudioVersion = 10.0.40219.1
Project("{FAE04EC0-301F-11D3-BF4B-00C04F79EFBC}") = "OsolLiveUSB", "OsolLiveUSB\OsolLiveUSB.csproj", "{89C20337-E8DC-4841-8B71-79B66AAD67D4}"
EndProject
Global
	GlobalSection(SolutionConfigurationPlatforms) = preSolution
		Debug|Any CPU = Debug|Any CPU
		Release|Any CPU = Release|Any CPU
	EndGlobalSection
	GlobalSection(ProjectConfigurationPlatforms) = postSolution
		{89C20337-E8DC-4841-8B71-79B66AAD67D4}.Debug|Any CPU.ActiveCfg = Debug|Any CPU
		{89C20337-E8DC-4841-8B71-79B66AAD67D4}.Debug|Any CPU.Build.0 = Debug|Any CPU
		{89C20337-E8DC-4841-8B71-79B66AAD67D4}.Release|Any CPU.ActiveCfg = Release|Any CPU
		{89C20337-E8DC-4841-8B71-79B66AAD67D4}.Release|Any CPU.Build.0 = Release|Any CPU
	EndGlobalSection
	GlobalSection(SolutionProperties) = preSolution
		HideSolutionNode = FALSE
	EndGlobalSection
	GlobalSection(ExtensibilityGlobals) = postSolution
		SolutionGuid = {B72781A6-3C58-4850-A2BF-1F4F0CBFC20A}
	EndGlobalSection
EndGlobal
